
Microsoft Visual Studio Solution File, Format Version 12.00
# Visual Studio 2013
VisualStudioVersion = 12.0.30110.0
MinimumVisualStudioVersion = 10.0.40219.1
Project("{FAE04EC0-301F-11D3-BF4B-00C04F79EFBC}") = "SiteEpsi", "SiteEpsi\SiteEpsi.csproj", "{922341CE-C578-4CE5-ADD4-8FC510DD7141}"
EndProject
Project("{FAE04EC0-301F-11D3-BF4B-00C04F79EFBC}") = "SiteEpsi.Tests", "SiteEpsi.Tests\SiteEpsi.Tests.csproj", "{94163101-8814-4EE1-A495-54FE34FBA141}"
EndProject
Project("{FAE04EC0-301F-11D3-BF4B-00C04F79EFBC}") = "WSEpsi", "ConsoleApplication2\WSEpsi.csproj", "{556E90BA-15D8-47A3-B586-D0A6A4E401FA}"
EndProject
Project("{FAE04EC0-301F-11D3-BF4B-00C04F79EFBC}") = "EpsiAdmin", "EpsiAdmin\EpsiAdmin.csproj", "{7D079F24-AB8F-4A88-9DE6-D1448C5E20A6}"
EndProject
Project("{FAE04EC0-301F-11D3-BF4B-00C04F79EFBC}") = "EpsiAdmin.Tests", "EpsiAdmin.Tests\EpsiAdmin.Tests.csproj", "{700EEFEB-31BB-418E-A68F-F73DF8763672}"
EndProject
Global
	GlobalSection(SolutionConfigurationPlatforms) = preSolution
		Debug|Any CPU = Debug|Any CPU
		Release|Any CPU = Release|Any CPU
	EndGlobalSection
	GlobalSection(ProjectConfigurationPlatforms) = postSolution
		{922341CE-C578-4CE5-ADD4-8FC510DD7141}.Debug|Any CPU.ActiveCfg = Debug|Any CPU
		{922341CE-C578-4CE5-ADD4-8FC510DD7141}.Debug|Any CPU.Build.0 = Debug|Any CPU
		{922341CE-C578-4CE5-ADD4-8FC510DD7141}.Release|Any CPU.ActiveCfg = Release|Any CPU
		{922341CE-C578-4CE5-ADD4-8FC510DD7141}.Release|Any CPU.Build.0 = Release|Any CPU
		{94163101-8814-4EE1-A495-54FE34FBA141}.Debug|Any CPU.ActiveCfg = Debug|Any CPU
		{94163101-8814-4EE1-A495-54FE34FBA141}.Debug|Any CPU.Build.0 = Debug|Any CPU
		{94163101-8814-4EE1-A495-54FE34FBA141}.Release|Any CPU.ActiveCfg = Release|Any CPU
		{94163101-8814-4EE1-A495-54FE34FBA141}.Release|Any CPU.Build.0 = Release|Any CPU
		{556E90BA-15D8-47A3-B586-D0A6A4E401FA}.Debug|Any CPU.ActiveCfg = Debug|Any CPU
		{556E90BA-15D8-47A3-B586-D0A6A4E401FA}.Debug|Any CPU.Build.0 = Debug|Any CPU
		{556E90BA-15D8-47A3-B586-D0A6A4E401FA}.Release|Any CPU.ActiveCfg = Release|Any CPU
		{556E90BA-15D8-47A3-B586-D0A6A4E401FA}.Release|Any CPU.Build.0 = Release|Any CPU
		{7D079F24-AB8F-4A88-9DE6-D1448C5E20A6}.Debug|Any CPU.ActiveCfg = Debug|Any CPU
		{7D079F24-AB8F-4A88-9DE6-D1448C5E20A6}.Debug|Any CPU.Build.0 = Debug|Any CPU
		{7D079F24-AB8F-4A88-9DE6-D1448C5E20A6}.Release|Any CPU.ActiveCfg = Release|Any CPU
		{7D079F24-AB8F-4A88-9DE6-D1448C5E20A6}.Release|Any CPU.Build.0 = Release|Any CPU
		{700EEFEB-31BB-418E-A68F-F73DF8763672}.Debug|Any CPU.ActiveCfg = Debug|Any CPU
		{700EEFEB-31BB-418E-A68F-F73DF8763672}.Debug|Any CPU.Build.0 = Debug|Any CPU
		{700EEFEB-31BB-418E-A68F-F73DF8763672}.Release|Any CPU.ActiveCfg = Release|Any CPU
		{700EEFEB-31BB-418E-A68F-F73DF8763672}.Release|Any CPU.Build.0 = Release|Any CPU
	EndGlobalSection
	GlobalSection(SolutionProperties) = preSolution
		HideSolutionNode = FALSE
	EndGlobalSection
EndGlobal
